<?xml version="1.0" encoding="utf-8"?>
<Project ToolsVersion="4.0" xmlns="http://schemas.microsoft.com/developer/msbuild/2003">
  <ItemGroup>
    <Filter Include="Source Files">
      <UniqueIdentifier>{4FC737F1-C7A5-4376-A066-2A32D752A2FF}</UniqueIdentifier>
      <Extensions>cpp;c;cc;cxx;c++;cppm;ixx;def;odl;idl;hpj;bat;asm;asmx</Extensions>
    </Filter>
    <Filter Include="Header Files">
      <UniqueIdentifier>{93995380-89BD-4b04-88EB-625FBE52EBFB}</UniqueIdentifier>
      <Extensions>h;hh;hpp;hxx;h++;hm;inl;inc;ipp;xsd</Extensions>
    </Filter>
    <Filter Include="Resource Files">
      <UniqueIdentifier>{67DA6AB6-F800-4c08-8B7A-83BB121AAD01}</UniqueIdentifier>
      <Extensions>rc;ico;cur;bmp;dlg;rc2;rct;bin;rgs;gif;jpg;jpeg;jpe;resx;tiff;tif;png;wav;mfcribbon-ms</Extensions>
    </Filter>
    <Filter Include="repo_files">
      <UniqueIdentifier>{62b36e22-faf1-4ddc-8c32-8d0ccf1612f0}</UniqueIdentifier>
    </Filter>
    <Filter Include="repo_files\prj">
      <UniqueIdentifier>{4b8140db-6ef2-4d29-a2b5-dab30de849e8}</UniqueIdentifier>
    </Filter>
    <Filter Include="repo_files\prj\common">
      <UniqueIdentifier>{ad392dbb-0b86-42fb-b52a-d542fbca6ddd}</UniqueIdentifier>
    </Filter>
    <Filter Include="repo_files\prj\common\common_mkfl">
      <UniqueIdentifier>{150e410a-b5a7-447c-92ea-4ee0f7659f02}</UniqueIdentifier>
    </Filter>
    <Filter Include="repo_files\prj\common\common_mkfl\raw">
      <UniqueIdentifier>{3dc98354-bb9f-405d-878b-82841a0182ef}</UniqueIdentifier>
    </Filter>
    <Filter Include="repo_files\prj\common\common_qt">
      <UniqueIdentifier>{289c7f5c-66b3-4b1a-876d-bf096d939fea}</UniqueIdentifier>
    </Filter>
    <Filter Include="repo_files\scripts">
      <UniqueIdentifier>{440bf327-a0d5-4f44-b155-8f2915950a9b}</UniqueIdentifier>
    </Filter>
    <Filter Include="repo_files\.github">
      <UniqueIdentifier>{f28b1c0a-a821-42b5-aa9a-86f861a08bc8}</UniqueIdentifier>
    </Filter>
    <Filter Include="repo_files\.github\workflows">
      <UniqueIdentifier>{628d4968-ba8d-4236-8c3c-46fcd2e0ba38}</UniqueIdentifier>
    </Filter>
    <Filter Include="files">
      <UniqueIdentifier>{517f2afe-84bb-4a94-aea6-f1a0e5cf46ed}</UniqueIdentifier>
    </Filter>
  </ItemGroup>
  <ItemGroup>
    <ClCompile Include="..\..\src\utils\entry_system_all.cpp">
      <Filter>Source Files</Filter>
    </ClCompile>
  </ItemGroup>
  <ItemGroup>
    <ClInclude Include="..\..\include\system\export_symbols.h">
      <Filter>Header Files</Filter>
    </ClInclude>
  </ItemGroup>
  <ItemGroup>
    <None Include="..\..\.gitattributes">
      <Filter>repo_files</Filter>
    </None>
    <None Include="..\..\.gitignore">
      <Filter>repo_files</Filter>
    </None>
    <None Include="..\..\.gitmodules">
      <Filter>repo_files</Filter>
    </None>
    <None Include="..\..\LICENSE">
      <Filter>repo_files</Filter>
    </None>
    <None Include="..\..\README.md">
      <Filter>repo_files</Filter>
    </None>
    <None Include="..\..\prj\common\common_mkfl\flagsandsys_common.unix.Makefile">
      <Filter>repo_files\prj\common\common_mkfl</Filter>
    </None>
    <None Include="..\..\prj\common\common_mkfl\flagsandsys_common.windows.Makefile">
      <Filter>repo_files\prj\common\common_mkfl</Filter>
    </None>
    <None Include="..\..\prj\common\common_mkfl\flagsandsys_common_private.unix.Makefile">
      <Filter>repo_files\prj\common\common_mkfl</Filter>
    </None>
    <None Include="..\..\prj\common\common_mkfl\flagsandsys_common_private.windows.Makefile">
      <Filter>repo_files\prj\common\common_mkfl</Filter>
    </None>
    <None Include="..\..\prj\common\common_mkfl\raw\flagsandsys_common_private_raw.unix.Makefile">
      <Filter>repo_files\prj\common\common_mkfl\raw</Filter>
    </None>
    <None Include="..\..\prj\common\common_mkfl\raw\flagsandsys_common_private_raw.windows.Makefile">
      <Filter>repo_files\prj\common\common_mkfl\raw</Filter>
    </None>
    <None Include="..\..\prj\common\common_mkfl\raw\flagsandsys_common_raw.unix.Makefile">
      <Filter>repo_files\prj\common\common_mkfl\raw</Filter>
    </None>
    <None Include="..\..\prj\common\common_mkfl\raw\flagsandsys_common_raw.windows.Makefile">
      <Filter>repo_files\prj\common\common_mkfl\raw</Filter>
    </None>
    <None Include="..\..\prj\common\common_qt\flagsandsys_common.pri">
      <Filter>repo_files\prj\common\common_qt</Filter>
    </None>
    <None Include="..\..\prj\common\common_qt\flagsandsys_common_private.pri">
      <Filter>repo_files\prj\common\common_qt</Filter>
    </None>
    <None Include="..\..\scripts\unix_build_all.sh">
      <Filter>repo_files\scripts</Filter>
    </None>
    <None Include="..\..\scripts\unix_prepare_host.sh">
      <Filter>repo_files\scripts</Filter>
    </None>
    <None Include="..\..\scripts\unix_prepare_repository.sh">
      <Filter>repo_files\scripts</Filter>
    </None>
    <None Include="..\..\scripts\unix_run_tests.sh">
      <Filter>repo_files\scripts</Filter>
    </None>
    <None Include="..\..\scripts\windows_build_all.bat">
      <Filter>repo_files\scripts</Filter>
    </None>
    <None Include="..\..\scripts\windows_prepare_host.bat">
      <Filter>repo_files\scripts</Filter>
    </None>
    <None Include="..\..\scripts\windows_prepare_repository.bat">
      <Filter>repo_files\scripts</Filter>
    </None>
    <None Include="..\..\scripts\windows_run_tests.bat">
      <Filter>repo_files\scripts</Filter>
    </None>
    <None Include="..\..\scripts\windows_set_vs_toolset_and_run.bat">
      <Filter>repo_files\scripts</Filter>
    </None>
    <None Include="..\..\.github\workflows\check_merge_to_master_and_develop.yml">
      <Filter>repo_files\.github\workflows</Filter>
    </None>
    <None Include="..\system_all_mkfl\system_all.unix.Makefile">
      <Filter>files</Filter>
    </None>
    <None Include="..\system_all_qt\system_all.pro">
      <Filter>files</Filter>
    </None>
  </ItemGroup>
</Project>