
Microsoft Visual Studio Solution File, Format Version 12.00
# Visual Studio Version 16
VisualStudioVersion = 16.0.33214.272
MinimumVisualStudioVersion = 10.0.40219.1
Project("{8BC9CEB8-8B4A-11D0-8D11-00A0C91BC942}") = "system_all", "system_all.vcxproj", "{B28A7240-ACEB-4B14-A853-5A198D200A19}"
EndProject
Project("{2150E333-8FDC-42A3-9474-1A3956D46DE8}") = "projects", "projects", "{07FD5338-6DFE-44B8-AB7F-EFC085F86099}"
EndProject
Project("{2150E333-8FDC-42A3-9474-1A3956D46DE8}") = "tests", "tests", "{8D52FDDF-230D-4478-9910-FB7DABB3BE23}"
EndProject
Project("{8BC9CEB8-8B4A-11D0-8D11-00A0C91BC942}") = "create_exe_test", "..\..\prj\tests\create_exe_test_vs\create_exe_test.vcxproj", "{91A407C7-4685-4A7E-B12E-774041632298}"
	ProjectSection(ProjectDependencies) = postProject
		{B28A7240-ACEB-4B14-A853-5A198D200A19} = {B28A7240-ACEB-4B14-A853-5A198D200A19}
	EndProjectSection
EndProject
Project("{8BC9CEB8-8B4A-11D0-8D11-00A0C91BC942}") = "any_quick_test", "..\..\prj\tests\any_quick_test_vs\any_quick_test.vcxproj", "{CB1D8706-FBD9-4919-A4FC-A29019AC56F9}"
	ProjectSection(ProjectDependencies) = postProject
		{B28A7240-ACEB-4B14-A853-5A198D200A19} = {B28A7240-ACEB-4B14-A853-5A198D200A19}
	EndProjectSection
EndProject
Project("{8BC9CEB8-8B4A-11D0-8D11-00A0C91BC942}") = "system_unit_test", "..\..\prj\tests\system_unit_test_mult\system_unit_test.vcxproj", "{E6F8B6C2-4CA9-4B3A-9A00-83D011DE88FA}"
	ProjectSection(ProjectDependencies) = postProject
		{B28A7240-ACEB-4B14-A853-5A198D200A19} = {B28A7240-ACEB-4B14-A853-5A198D200A19}
	EndProjectSection
EndProject
Global
	GlobalSection(SolutionConfigurationPlatforms) = preSolution
		Debug|ARM = Debug|ARM
		Debug|ARM64 = Debug|ARM64
		Debug|x64 = Debug|x64
		Debug|x86 = Debug|x86
		Release|ARM = Release|ARM
		Release|ARM64 = Release|ARM64
		Release|x64 = Release|x64
		Release|x86 = Release|x86
	EndGlobalSection
	GlobalSection(ProjectConfigurationPlatforms) = postSolution
		{B28A7240-ACEB-4B14-A853-5A198D200A19}.Debug|ARM.ActiveCfg = Debug|ARM
		{B28A7240-ACEB-4B14-A853-5A198D200A19}.Debug|ARM.Build.0 = Debug|ARM
		{B28A7240-ACEB-4B14-A853-5A198D200A19}.Debug|ARM64.ActiveCfg = Debug|ARM64
		{B28A7240-ACEB-4B14-A853-5A198D200A19}.Debug|ARM64.Build.0 = Debug|ARM64
		{B28A7240-ACEB-4B14-A853-5A198D200A19}.Debug|x64.ActiveCfg = Debug|x64
		{B28A7240-ACEB-4B14-A853-5A198D200A19}.Debug|x64.Build.0 = Debug|x64
		{B28A7240-ACEB-4B14-A853-5A198D200A19}.Debug|x86.ActiveCfg = Debug|Win32
		{B28A7240-ACEB-4B14-A853-5A198D200A19}.Debug|x86.Build.0 = Debug|Win32
		{B28A7240-ACEB-4B14-A853-5A198D200A19}.Release|ARM.ActiveCfg = Release|ARM
		{B28A7240-ACEB-4B14-A853-5A198D200A19}.Release|ARM.Build.0 = Release|ARM
		{B28A7240-ACEB-4B14-A853-5A198D200A19}.Release|ARM64.ActiveCfg = Release|ARM64
		{B28A7240-ACEB-4B14-A853-5A198D200A19}.Release|ARM64.Build.0 = Release|ARM64
		{B28A7240-ACEB-4B14-A853-5A198D200A19}.Release|x64.ActiveCfg = Release|x64
		{B28A7240-ACEB-4B14-A853-5A198D200A19}.Release|x64.Build.0 = Release|x64
		{B28A7240-ACEB-4B14-A853-5A198D200A19}.Release|x86.ActiveCfg = Release|Win32
		{B28A7240-ACEB-4B14-A853-5A198D200A19}.Release|x86.Build.0 = Release|Win32
		{91A407C7-4685-4A7E-B12E-774041632298}.Debug|ARM.ActiveCfg = Debug|ARM
		{91A407C7-4685-4A7E-B12E-774041632298}.Debug|ARM.Build.0 = Debug|ARM
		{91A407C7-4685-4A7E-B12E-774041632298}.Debug|ARM64.ActiveCfg = Debug|ARM64
		{91A407C7-4685-4A7E-B12E-774041632298}.Debug|ARM64.Build.0 = Debug|ARM64
		{91A407C7-4685-4A7E-B12E-774041632298}.Debug|x64.ActiveCfg = Debug|x64
		{91A407C7-4685-4A7E-B12E-774041632298}.Debug|x64.Build.0 = Debug|x64
		{91A407C7-4685-4A7E-B12E-774041632298}.Debug|x86.ActiveCfg = Debug|Win32
		{91A407C7-4685-4A7E-B12E-774041632298}.Debug|x86.Build.0 = Debug|Win32
		{91A407C7-4685-4A7E-B12E-774041632298}.Release|ARM.ActiveCfg = Release|ARM
		{91A407C7-4685-4A7E-B12E-774041632298}.Release|ARM.Build.0 = Release|ARM
		{91A407C7-4685-4A7E-B12E-774041632298}.Release|ARM64.ActiveCfg = Release|ARM64
		{91A407C7-4685-4A7E-B12E-774041632298}.Release|ARM64.Build.0 = Release|ARM64
		{91A407C7-4685-4A7E-B12E-774041632298}.Release|x64.ActiveCfg = Release|x64
		{91A407C7-4685-4A7E-B12E-774041632298}.Release|x64.Build.0 = Release|x64
		{91A407C7-4685-4A7E-B12E-774041632298}.Release|x86.ActiveCfg = Release|Win32
		{91A407C7-4685-4A7E-B12E-774041632298}.Release|x86.Build.0 = Release|Win32
		{CB1D8706-FBD9-4919-A4FC-A29019AC56F9}.Debug|ARM.ActiveCfg = Debug|ARM
		{CB1D8706-FBD9-4919-A4FC-A29019AC56F9}.Debug|ARM.Build.0 = Debug|ARM
		{CB1D8706-FBD9-4919-A4FC-A29019AC56F9}.Debug|ARM64.ActiveCfg = Debug|ARM64
		{CB1D8706-FBD9-4919-A4FC-A29019AC56F9}.Debug|ARM64.Build.0 = Debug|ARM64
		{CB1D8706-FBD9-4919-A4FC-A29019AC56F9}.Debug|x64.ActiveCfg = Debug|x64
		{CB1D8706-FBD9-4919-A4FC-A29019AC56F9}.Debug|x64.Build.0 = Debug|x64
		{CB1D8706-FBD9-4919-A4FC-A29019AC56F9}.Debug|x86.ActiveCfg = Debug|Win32
		{CB1D8706-FBD9-4919-A4FC-A29019AC56F9}.Debug|x86.Build.0 = Debug|Win32
		{CB1D8706-FBD9-4919-A4FC-A29019AC56F9}.Release|ARM.ActiveCfg = Release|ARM
		{CB1D8706-FBD9-4919-A4FC-A29019AC56F9}.Release|ARM.Build.0 = Release|ARM
		{CB1D8706-FBD9-4919-A4FC-A29019AC56F9}.Release|ARM64.ActiveCfg = Release|ARM64
		{CB1D8706-FBD9-4919-A4FC-A29019AC56F9}.Release|ARM64.Build.0 = Release|ARM64
		{CB1D8706-FBD9-4919-A4FC-A29019AC56F9}.Release|x64.ActiveCfg = Release|x64
		{CB1D8706-FBD9-4919-A4FC-A29019AC56F9}.Release|x64.Build.0 = Release|x64
		{CB1D8706-FBD9-4919-A4FC-A29019AC56F9}.Release|x86.ActiveCfg = Release|Win32
		{CB1D8706-FBD9-4919-A4FC-A29019AC56F9}.Release|x86.Build.0 = Release|Win32
		{E6F8B6C2-4CA9-4B3A-9A00-83D011DE88FA}.Debug|ARM.ActiveCfg = Debug|ARM
		{E6F8B6C2-4CA9-4B3A-9A00-83D011DE88FA}.Debug|ARM.Build.0 = Debug|ARM
		{E6F8B6C2-4CA9-4B3A-9A00-83D011DE88FA}.Debug|ARM64.ActiveCfg = Debug|ARM64
		{E6F8B6C2-4CA9-4B3A-9A00-83D011DE88FA}.Debug|ARM64.Build.0 = Debug|ARM64
		{E6F8B6C2-4CA9-4B3A-9A00-83D011DE88FA}.Debug|x64.ActiveCfg = Debug|x64
		{E6F8B6C2-4CA9-4B3A-9A00-83D011DE88FA}.Debug|x64.Build.0 = Debug|x64
		{E6F8B6C2-4CA9-4B3A-9A00-83D011DE88FA}.Debug|x86.ActiveCfg = Debug|Win32
		{E6F8B6C2-4CA9-4B3A-9A00-83D011DE88FA}.Debug|x86.Build.0 = Debug|Win32
		{E6F8B6C2-4CA9-4B3A-9A00-83D011DE88FA}.Release|ARM.ActiveCfg = Release|ARM
		{E6F8B6C2-4CA9-4B3A-9A00-83D011DE88FA}.Release|ARM.Build.0 = Release|ARM
		{E6F8B6C2-4CA9-4B3A-9A00-83D011DE88FA}.Release|ARM64.ActiveCfg = Release|ARM64
		{E6F8B6C2-4CA9-4B3A-9A00-83D011DE88FA}.Release|ARM64.Build.0 = Release|ARM64
		{E6F8B6C2-4CA9-4B3A-9A00-83D011DE88FA}.Release|x64.ActiveCfg = Release|x64
		{E6F8B6C2-4CA9-4B3A-9A00-83D011DE88FA}.Release|x64.Build.0 = Release|x64
		{E6F8B6C2-4CA9-4B3A-9A00-83D011DE88FA}.Release|x86.ActiveCfg = Release|Win32
		{E6F8B6C2-4CA9-4B3A-9A00-83D011DE88FA}.Release|x86.Build.0 = Release|Win32
	EndGlobalSection
	GlobalSection(SolutionProperties) = preSolution
		HideSolutionNode = FALSE
	EndGlobalSection
	GlobalSection(NestedProjects) = preSolution
		{8D52FDDF-230D-4478-9910-FB7DABB3BE23} = {07FD5338-6DFE-44B8-AB7F-EFC085F86099}
		{91A407C7-4685-4A7E-B12E-774041632298} = {8D52FDDF-230D-4478-9910-FB7DABB3BE23}
		{CB1D8706-FBD9-4919-A4FC-A29019AC56F9} = {8D52FDDF-230D-4478-9910-FB7DABB3BE23}
		{E6F8B6C2-4CA9-4B3A-9A00-83D011DE88FA} = {8D52FDDF-230D-4478-9910-FB7DABB3BE23}
	EndGlobalSection
	GlobalSection(ExtensibilityGlobals) = postSolution
		SolutionGuid = {A6D19ECC-FFC8-4FF2-90B3-D47448477A0A}
	EndGlobalSection
EndGlobal
